
Microsoft Visual Studio Solution File, Format Version 12.00
# Visual Studio Version 17
VisualStudioVersion = 17.4.33205.214
MinimumVisualStudioVersion = 10.0.40219.1
Project("{FAE04EC0-301F-11D3-BF4B-00C04F79EFBC}") = "PorphumWeb", "PorphumWeb\PorphumWeb.csproj", "{FB74038A-0E4C-4B8D-9262-B056066B3D76}"
EndProject
Project("{FAE04EC0-301F-11D3-BF4B-00C04F79EFBC}") = "PorphumWeb.Logic", "PorphumWeb.Logic\PorphumWeb.Logic.csproj", "{B5CD01A9-1579-43C1-B55B-35851683F870}"
EndProject
Global
	GlobalSection(SolutionConfigurationPlatforms) = preSolution
		Debug|Any CPU = Debug|Any CPU
		Release|Any CPU = Release|Any CPU
	EndGlobalSection
	GlobalSection(ProjectConfigurationPlatforms) = postSolution
		{FB74038A-0E4C-4B8D-9262-B056066B3D76}.Debug|Any CPU.ActiveCfg = Debug|Any CPU
		{FB74038A-0E4C-4B8D-9262-B056066B3D76}.Debug|Any CPU.Build.0 = Debug|Any CPU
		{FB74038A-0E4C-4B8D-9262-B056066B3D76}.Release|Any CPU.ActiveCfg = Release|Any CPU
		{FB74038A-0E4C-4B8D-9262-B056066B3D76}.Release|Any CPU.Build.0 = Release|Any CPU
		{B5CD01A9-1579-43C1-B55B-35851683F870}.Debug|Any CPU.ActiveCfg = Debug|Any CPU
		{B5CD01A9-1579-43C1-B55B-35851683F870}.Debug|Any CPU.Build.0 = Debug|Any CPU
		{B5CD01A9-1579-43C1-B55B-35851683F870}.Release|Any CPU.ActiveCfg = Release|Any CPU
		{B5CD01A9-1579-43C1-B55B-35851683F870}.Release|Any CPU.Build.0 = Release|Any CPU
	EndGlobalSection
	GlobalSection(SolutionProperties) = preSolution
		HideSolutionNode = FALSE
	EndGlobalSection
	GlobalSection(ExtensibilityGlobals) = postSolution
		SolutionGuid = {5391C9A5-CF55-4903-915A-56152AF153F1}
	EndGlobalSection
EndGlobal
